
Microsoft Visual Studio Solution File, Format Version 12.00
# Visual Studio Version 17
VisualStudioVersion = 17.1.32421.90
MinimumVisualStudioVersion = 10.0.40219.1
Project("{9A19103F-16F7-4668-BE54-9A1E7A4F7556}") = "VehicleApi", "VehicleApi.csproj", "{A8DD9225-9889-4F8A-8BD4-9F1F59E48731}"
EndProject
Project("{FAE04EC0-301F-11D3-BF4B-00C04F79EFBC}") = "CrudSite", "..\CrudSite\CrudSite.csproj", "{E2605115-3138-44D4-B2FF-22F712CA5C0B}"
EndProject
Global
	GlobalSection(SolutionConfigurationPlatforms) = preSolution
		Debug|Any CPU = Debug|Any CPU
		Release|Any CPU = Release|Any CPU
	EndGlobalSection
	GlobalSection(ProjectConfigurationPlatforms) = postSolution
		{A8DD9225-9889-4F8A-8BD4-9F1F59E48731}.Debug|Any CPU.ActiveCfg = Debug|Any CPU
		{A8DD9225-9889-4F8A-8BD4-9F1F59E48731}.Debug|Any CPU.Build.0 = Debug|Any CPU
		{A8DD9225-9889-4F8A-8BD4-9F1F59E48731}.Release|Any CPU.ActiveCfg = Release|Any CPU
		{A8DD9225-9889-4F8A-8BD4-9F1F59E48731}.Release|Any CPU.Build.0 = Release|Any CPU
		{E2605115-3138-44D4-B2FF-22F712CA5C0B}.Debug|Any CPU.ActiveCfg = Debug|Any CPU
		{E2605115-3138-44D4-B2FF-22F712CA5C0B}.Debug|Any CPU.Build.0 = Debug|Any CPU
		{E2605115-3138-44D4-B2FF-22F712CA5C0B}.Release|Any CPU.ActiveCfg = Release|Any CPU
		{E2605115-3138-44D4-B2FF-22F712CA5C0B}.Release|Any CPU.Build.0 = Release|Any CPU
	EndGlobalSection
	GlobalSection(SolutionProperties) = preSolution
		HideSolutionNode = FALSE
	EndGlobalSection
	GlobalSection(ExtensibilityGlobals) = postSolution
		SolutionGuid = {D9571C9A-8EBC-4D56-AF53-C62C7808E59A}
	EndGlobalSection
EndGlobal
